github.com/progamesigner/hugo-theme-0x148 v1.3.2 h1:MztkH3wqu2NPIn7D/OWQ7wEB6XhIoyxeWa+BP7tV9RM=
github.com/progamesigner/hugo-theme-0x148 v1.3.2/go.mod h1:CVIgj2V48aVy4lbwzEgnC2h3x07uHwH7ouwhVPPsjAA=
github.com/progamesigner/hugo-theme-0x148 v1.3.3 h1:U8qZWPqfUW7s/M0NP7wGVguSFHPydHruLhK8wn1xTF8=
github.com/progamesigner/hugo-theme-0x148 v1.3.3/go.mod h1:ccywuTLUMcTBzXN3+/2Hkyt6hany76kzsfXF2o6NQOY=
